
Microsoft Visual Studio Solution File, Format Version 12.00
# Visual Studio Version 16
VisualStudioVersion = 16.0.30717.126
MinimumVisualStudioVersion = 10.0.40219.1
Project("{FAE04EC0-301F-11D3-BF4B-00C04F79EFBC}") = "DemoGenericDelegate", "DemoGenericDelegate\DemoGenericDelegate.csproj", "{E6767F97-838C-439C-9608-0A809623EC5D}"
EndProject
Project("{FAE04EC0-301F-11D3-BF4B-00C04F79EFBC}") = "Oef2_GenericDelegate", "Oef2_GenericDelegate\Oef2_GenericDelegate.csproj", "{473DBB51-9C8E-464F-99F3-E01ACF1FFD61}"
EndProject
Project("{FAE04EC0-301F-11D3-BF4B-00C04F79EFBC}") = "MultiCastDelegate", "MultiCastDelegate\MultiCastDelegate.csproj", "{4A136350-9228-4619-8DBA-ABA5E6764B25}"
EndProject
Global
	GlobalSection(SolutionConfigurationPlatforms) = preSolution
		Debug|Any CPU = Debug|Any CPU
		Release|Any CPU = Release|Any CPU
	EndGlobalSection
	GlobalSection(ProjectConfigurationPlatforms) = postSolution
		{E6767F97-838C-439C-9608-0A809623EC5D}.Debug|Any CPU.ActiveCfg = Debug|Any CPU
		{E6767F97-838C-439C-9608-0A809623EC5D}.Debug|Any CPU.Build.0 = Debug|Any CPU
		{E6767F97-838C-439C-9608-0A809623EC5D}.Release|Any CPU.ActiveCfg = Release|Any CPU
		{E6767F97-838C-439C-9608-0A809623EC5D}.Release|Any CPU.Build.0 = Release|Any CPU
		{473DBB51-9C8E-464F-99F3-E01ACF1FFD61}.Debug|Any CPU.ActiveCfg = Debug|Any CPU
		{473DBB51-9C8E-464F-99F3-E01ACF1FFD61}.Debug|Any CPU.Build.0 = Debug|Any CPU
		{473DBB51-9C8E-464F-99F3-E01ACF1FFD61}.Release|Any CPU.ActiveCfg = Release|Any CPU
		{473DBB51-9C8E-464F-99F3-E01ACF1FFD61}.Release|Any CPU.Build.0 = Release|Any CPU
		{4A136350-9228-4619-8DBA-ABA5E6764B25}.Debug|Any CPU.ActiveCfg = Debug|Any CPU
		{4A136350-9228-4619-8DBA-ABA5E6764B25}.Debug|Any CPU.Build.0 = Debug|Any CPU
		{4A136350-9228-4619-8DBA-ABA5E6764B25}.Release|Any CPU.ActiveCfg = Release|Any CPU
		{4A136350-9228-4619-8DBA-ABA5E6764B25}.Release|Any CPU.Build.0 = Release|Any CPU
	EndGlobalSection
	GlobalSection(SolutionProperties) = preSolution
		HideSolutionNode = FALSE
	EndGlobalSection
	GlobalSection(ExtensibilityGlobals) = postSolution
		SolutionGuid = {D0F7F2AF-33D0-43B3-A809-F804CA769FED}
	EndGlobalSection
EndGlobal
